
Microsoft Visual Studio Solution File, Format Version 12.00
# Visual Studio 14
VisualStudioVersion = 14.0.25420.1
MinimumVisualStudioVersion = 10.0.40219.1
Project("{FAE04EC0-301F-11D3-BF4B-00C04F79EFBC}") = "PizzaFactory.WebClient", "PizzaFactory.WebClient\PizzaFactory.WebClient.csproj", "{3DF1E7E6-0D52-4FF4-B1A4-967CD9BB30D6}"
EndProject
Project("{FAE04EC0-301F-11D3-BF4B-00C04F79EFBC}") = "PizzaFactory.Tests", "PizzaFactory.Tests\PizzaFactory.Tests.csproj", "{08D6B8CD-949D-4AD9-9226-4D7EABFF867D}"
EndProject
Project("{2150E333-8FDC-42A3-9474-1A3956D46DE8}") = "Authentication", "Authentication", "{181ED0D2-AAB4-4D73-B4FA-BBB9E2D1B4FD}"
EndProject
Project("{FAE04EC0-301F-11D3-BF4B-00C04F79EFBC}") = "PizzaFactory.Authentication", "PizzaFactory.Authentication\PizzaFactory.Authentication.csproj", "{DB1ADEA7-9AE2-4708-869C-0DC091360785}"
EndProject
Project("{2150E333-8FDC-42A3-9474-1A3956D46DE8}") = "Data", "Data", "{565B4F72-FF71-4E33-BA47-8925EB895288}"
EndProject
Project("{FAE04EC0-301F-11D3-BF4B-00C04F79EFBC}") = "PizzaFactory.Data", "PizzaFactory.Data\PizzaFactory.Data.csproj", "{DC476CD3-51CC-45B6-B71A-BEB62291E028}"
EndProject
Project("{2150E333-8FDC-42A3-9474-1A3956D46DE8}") = "Services", "Services", "{FDB07581-BA47-4F29-928C-644BF8ED1C78}"
EndProject
Project("{FAE04EC0-301F-11D3-BF4B-00C04F79EFBC}") = "PizzaFactory.Service", "PizzaFactory.Service\PizzaFactory.Service.csproj", "{B812A380-0805-4C27-BF80-A82CC1F6AE93}"
EndProject
Project("{2150E333-8FDC-42A3-9474-1A3956D46DE8}") = "Utils", "Utils", "{76F5A804-0806-45A7-981E-6B13E8047A00}"
EndProject
Project("{FAE04EC0-301F-11D3-BF4B-00C04F79EFBC}") = "PizzaFactory.Utils", "PizzaFactory.Utils\PizzaFactory.Utils.csproj", "{71F3BCF0-3C90-448E-AC4E-CE4FAA4AC62B}"
EndProject
Global
	GlobalSection(SolutionConfigurationPlatforms) = preSolution
		Debug|Any CPU = Debug|Any CPU
		Release|Any CPU = Release|Any CPU
	EndGlobalSection
	GlobalSection(ProjectConfigurationPlatforms) = postSolution
		{3DF1E7E6-0D52-4FF4-B1A4-967CD9BB30D6}.Debug|Any CPU.ActiveCfg = Debug|Any CPU
		{3DF1E7E6-0D52-4FF4-B1A4-967CD9BB30D6}.Debug|Any CPU.Build.0 = Debug|Any CPU
		{3DF1E7E6-0D52-4FF4-B1A4-967CD9BB30D6}.Release|Any CPU.ActiveCfg = Release|Any CPU
		{3DF1E7E6-0D52-4FF4-B1A4-967CD9BB30D6}.Release|Any CPU.Build.0 = Release|Any CPU
		{08D6B8CD-949D-4AD9-9226-4D7EABFF867D}.Debug|Any CPU.ActiveCfg = Debug|Any CPU
		{08D6B8CD-949D-4AD9-9226-4D7EABFF867D}.Debug|Any CPU.Build.0 = Debug|Any CPU
		{08D6B8CD-949D-4AD9-9226-4D7EABFF867D}.Release|Any CPU.ActiveCfg = Release|Any CPU
		{08D6B8CD-949D-4AD9-9226-4D7EABFF867D}.Release|Any CPU.Build.0 = Release|Any CPU
		{DB1ADEA7-9AE2-4708-869C-0DC091360785}.Debug|Any CPU.ActiveCfg = Debug|Any CPU
		{DB1ADEA7-9AE2-4708-869C-0DC091360785}.Debug|Any CPU.Build.0 = Debug|Any CPU
		{DB1ADEA7-9AE2-4708-869C-0DC091360785}.Release|Any CPU.ActiveCfg = Release|Any CPU
		{DB1ADEA7-9AE2-4708-869C-0DC091360785}.Release|Any CPU.Build.0 = Release|Any CPU
		{DC476CD3-51CC-45B6-B71A-BEB62291E028}.Debug|Any CPU.ActiveCfg = Debug|Any CPU
		{DC476CD3-51CC-45B6-B71A-BEB62291E028}.Debug|Any CPU.Build.0 = Debug|Any CPU
		{DC476CD3-51CC-45B6-B71A-BEB62291E028}.Release|Any CPU.ActiveCfg = Release|Any CPU
		{DC476CD3-51CC-45B6-B71A-BEB62291E028}.Release|Any CPU.Build.0 = Release|Any CPU
		{B812A380-0805-4C27-BF80-A82CC1F6AE93}.Debug|Any CPU.ActiveCfg = Debug|Any CPU
		{B812A380-0805-4C27-BF80-A82CC1F6AE93}.Debug|Any CPU.Build.0 = Debug|Any CPU
		{B812A380-0805-4C27-BF80-A82CC1F6AE93}.Release|Any CPU.ActiveCfg = Release|Any CPU
		{B812A380-0805-4C27-BF80-A82CC1F6AE93}.Release|Any CPU.Build.0 = Release|Any CPU
		{71F3BCF0-3C90-448E-AC4E-CE4FAA4AC62B}.Debug|Any CPU.ActiveCfg = Debug|Any CPU
		{71F3BCF0-3C90-448E-AC4E-CE4FAA4AC62B}.Debug|Any CPU.Build.0 = Debug|Any CPU
		{71F3BCF0-3C90-448E-AC4E-CE4FAA4AC62B}.Release|Any CPU.ActiveCfg = Release|Any CPU
		{71F3BCF0-3C90-448E-AC4E-CE4FAA4AC62B}.Release|Any CPU.Build.0 = Release|Any CPU
	EndGlobalSection
	GlobalSection(SolutionProperties) = preSolution
		HideSolutionNode = FALSE
	EndGlobalSection
	GlobalSection(NestedProjects) = preSolution
		{DB1ADEA7-9AE2-4708-869C-0DC091360785} = {181ED0D2-AAB4-4D73-B4FA-BBB9E2D1B4FD}
		{DC476CD3-51CC-45B6-B71A-BEB62291E028} = {565B4F72-FF71-4E33-BA47-8925EB895288}
		{B812A380-0805-4C27-BF80-A82CC1F6AE93} = {FDB07581-BA47-4F29-928C-644BF8ED1C78}
		{71F3BCF0-3C90-448E-AC4E-CE4FAA4AC62B} = {76F5A804-0806-45A7-981E-6B13E8047A00}
	EndGlobalSection
EndGlobal
