
Microsoft Visual Studio Solution File, Format Version 12.00
# Visual Studio 14
VisualStudioVersion = 14.0.25420.1
MinimumVisualStudioVersion = 10.0.40219.1
Project("{FAE04EC0-301F-11D3-BF4B-00C04F79EFBC}") = "PizzaFactory.WebClient", "PizzaFactory.WebClient\PizzaFactory.WebClient.csproj", "{3DF1E7E6-0D52-4FF4-B1A4-967CD9BB30D6}"
EndProject
Project("{FAE04EC0-301F-11D3-BF4B-00C04F79EFBC}") = "PizzaFactory.Tests", "PizzaFactory.Tests\PizzaFactory.Tests.csproj", "{08D6B8CD-949D-4AD9-9226-4D7EABFF867D}"
EndProject
Global
	GlobalSection(SolutionConfigurationPlatforms) = preSolution
		Debug|Any CPU = Debug|Any CPU
		Release|Any CPU = Release|Any CPU
	EndGlobalSection
	GlobalSection(ProjectConfigurationPlatforms) = postSolution
		{3DF1E7E6-0D52-4FF4-B1A4-967CD9BB30D6}.Debug|Any CPU.ActiveCfg = Debug|Any CPU
		{3DF1E7E6-0D52-4FF4-B1A4-967CD9BB30D6}.Debug|Any CPU.Build.0 = Debug|Any CPU
		{3DF1E7E6-0D52-4FF4-B1A4-967CD9BB30D6}.Release|Any CPU.ActiveCfg = Release|Any CPU
		{3DF1E7E6-0D52-4FF4-B1A4-967CD9BB30D6}.Release|Any CPU.Build.0 = Release|Any CPU
		{08D6B8CD-949D-4AD9-9226-4D7EABFF867D}.Debug|Any CPU.ActiveCfg = Debug|Any CPU
		{08D6B8CD-949D-4AD9-9226-4D7EABFF867D}.Debug|Any CPU.Build.0 = Debug|Any CPU
		{08D6B8CD-949D-4AD9-9226-4D7EABFF867D}.Release|Any CPU.ActiveCfg = Release|Any CPU
		{08D6B8CD-949D-4AD9-9226-4D7EABFF867D}.Release|Any CPU.Build.0 = Release|Any CPU
	EndGlobalSection
	GlobalSection(SolutionProperties) = preSolution
		HideSolutionNode = FALSE
	EndGlobalSection
EndGlobal
